
Microsoft Visual Studio Solution File, Format Version 12.00
# Visual Studio Version 17
VisualStudioVersion = 17.9.34723.18
MinimumVisualStudioVersion = 10.0.40219.1
Project("{2150E333-8FDC-42A3-9474-1A3956D46DE8}") = "Services", "Services", "{8FE1DF2F-5D85-4BB4-B39E-021EC4F92D7E}"
EndProject
Project("{2150E333-8FDC-42A3-9474-1A3956D46DE8}") = "Catalog", "Catalog", "{689222DC-69F9-47F1-9228-DB7A5EC19B0E}"
EndProject
Project("{9A19103F-16F7-4668-BE54-9A1E7A4F7556}") = "Catalog.API", "Services\Catalog\Catalog.API\Catalog.API.csproj", "{A1BD0FD6-101C-4655-8306-9986CF21F7C5}"
EndProject
Project("{2150E333-8FDC-42A3-9474-1A3956D46DE8}") = "BuildingBlocks", "BuildingBlocks", "{91D20682-DAE0-4FEA-8F2C-404823D85D7A}"
EndProject
Project("{9A19103F-16F7-4668-BE54-9A1E7A4F7556}") = "BuildingBlocks", "BuildingBlocks\BuildingBlocks\BuildingBlocks.csproj", "{F9249A90-BA03-41AB-9B9B-000FF00888CF}"
EndProject
Project("{2150E333-8FDC-42A3-9474-1A3956D46DE8}") = "Basket", "Basket", "{7E05FCE4-BD88-458F-9AFB-C1C43AC5D81C}"
EndProject
Project("{E53339B2-1760-4266-BCC7-CA923CBCF16C}") = "docker-compose", "docker-compose.dcproj", "{684CEF6F-B06C-4A8A-A94F-A75070B4F434}"
EndProject
Project("{9A19103F-16F7-4668-BE54-9A1E7A4F7556}") = "Basket.API", "Services\Basket\Basket.API\Basket.API.csproj", "{A5EEA868-5A8D-43B0-B605-D14826F02EA2}"
EndProject
Project("{2150E333-8FDC-42A3-9474-1A3956D46DE8}") = "Discount", "Discount", "{EFE64FBF-C0F0-4A0C-AC48-79AB194599F1}"
EndProject
Project("{9A19103F-16F7-4668-BE54-9A1E7A4F7556}") = "Discount.Grpc", "Services\Discount\Discount.Grpc\Discount.Grpc.csproj", "{C7101C6C-3902-4BE2-889D-2B79EA2756AC}"
EndProject
Project("{2150E333-8FDC-42A3-9474-1A3956D46DE8}") = "Ordering", "Ordering", "{3F23967B-6027-47B7-88E7-F503485FD1EB}"
EndProject
Project("{9A19103F-16F7-4668-BE54-9A1E7A4F7556}") = "Ordering.API", "Services\Ordering\Ordering.API\Ordering.API\Ordering.API.csproj", "{44519C3F-26FF-4F6C-8809-E46EE30C1D2B}"
EndProject
Project("{9A19103F-16F7-4668-BE54-9A1E7A4F7556}") = "Ordering.Domain", "Services\Ordering\Ordering.Domain\Ordering.Domain.csproj", "{56017EAD-93DB-4982-B3A9-214CB8B92C02}"
EndProject
Project("{9A19103F-16F7-4668-BE54-9A1E7A4F7556}") = "Ordering.Application", "Services\Ordering\Ordering.Application\Ordering.Application.csproj", "{CA909F1B-0DB8-48CC-97B7-E3AC0DBBD141}"
EndProject
Project("{9A19103F-16F7-4668-BE54-9A1E7A4F7556}") = "Ordering.Infrastructure", "Services\Ordering\Ordering.Infrastructure\Ordering.Infrastructure.csproj", "{650D3BEC-29AE-4C7D-B710-3D9BA5FE9CB8}"
EndProject
Project("{9A19103F-16F7-4668-BE54-9A1E7A4F7556}") = "BuildingBlocks.Messaging", "BuildingBlocks\BuildingBlocks.Messaging\BuildingBlocks.Messaging.csproj", "{08F9DF67-09C9-4317-83A6-F4EB5017314D}"
EndProject
Project("{FAE04EC0-301F-11D3-BF4B-00C04F79EFBC}") = "YarpApiGateway", "ApiGateways\YarpApiGateway\YarpApiGateway.csproj", "{7EE6EF12-659E-44F4-8016-0163C5DD9397}"
EndProject
Global
	GlobalSection(SolutionConfigurationPlatforms) = preSolution
		Debug|Any CPU = Debug|Any CPU
		Release|Any CPU = Release|Any CPU
	EndGlobalSection
	GlobalSection(ProjectConfigurationPlatforms) = postSolution
		{A1BD0FD6-101C-4655-8306-9986CF21F7C5}.Debug|Any CPU.ActiveCfg = Debug|Any CPU
		{A1BD0FD6-101C-4655-8306-9986CF21F7C5}.Debug|Any CPU.Build.0 = Debug|Any CPU
		{A1BD0FD6-101C-4655-8306-9986CF21F7C5}.Release|Any CPU.ActiveCfg = Release|Any CPU
		{A1BD0FD6-101C-4655-8306-9986CF21F7C5}.Release|Any CPU.Build.0 = Release|Any CPU
		{F9249A90-BA03-41AB-9B9B-000FF00888CF}.Debug|Any CPU.ActiveCfg = Debug|Any CPU
		{F9249A90-BA03-41AB-9B9B-000FF00888CF}.Debug|Any CPU.Build.0 = Debug|Any CPU
		{F9249A90-BA03-41AB-9B9B-000FF00888CF}.Release|Any CPU.ActiveCfg = Release|Any CPU
		{F9249A90-BA03-41AB-9B9B-000FF00888CF}.Release|Any CPU.Build.0 = Release|Any CPU
		{684CEF6F-B06C-4A8A-A94F-A75070B4F434}.Debug|Any CPU.ActiveCfg = Debug|Any CPU
		{684CEF6F-B06C-4A8A-A94F-A75070B4F434}.Debug|Any CPU.Build.0 = Debug|Any CPU
		{684CEF6F-B06C-4A8A-A94F-A75070B4F434}.Release|Any CPU.ActiveCfg = Release|Any CPU
		{684CEF6F-B06C-4A8A-A94F-A75070B4F434}.Release|Any CPU.Build.0 = Release|Any CPU
		{A5EEA868-5A8D-43B0-B605-D14826F02EA2}.Debug|Any CPU.ActiveCfg = Debug|Any CPU
		{A5EEA868-5A8D-43B0-B605-D14826F02EA2}.Debug|Any CPU.Build.0 = Debug|Any CPU
		{A5EEA868-5A8D-43B0-B605-D14826F02EA2}.Release|Any CPU.ActiveCfg = Release|Any CPU
		{A5EEA868-5A8D-43B0-B605-D14826F02EA2}.Release|Any CPU.Build.0 = Release|Any CPU
		{C7101C6C-3902-4BE2-889D-2B79EA2756AC}.Debug|Any CPU.ActiveCfg = Debug|Any CPU
		{C7101C6C-3902-4BE2-889D-2B79EA2756AC}.Debug|Any CPU.Build.0 = Debug|Any CPU
		{C7101C6C-3902-4BE2-889D-2B79EA2756AC}.Release|Any CPU.ActiveCfg = Release|Any CPU
		{C7101C6C-3902-4BE2-889D-2B79EA2756AC}.Release|Any CPU.Build.0 = Release|Any CPU
		{44519C3F-26FF-4F6C-8809-E46EE30C1D2B}.Debug|Any CPU.ActiveCfg = Debug|Any CPU
		{44519C3F-26FF-4F6C-8809-E46EE30C1D2B}.Debug|Any CPU.Build.0 = Debug|Any CPU
		{44519C3F-26FF-4F6C-8809-E46EE30C1D2B}.Release|Any CPU.ActiveCfg = Release|Any CPU
		{44519C3F-26FF-4F6C-8809-E46EE30C1D2B}.Release|Any CPU.Build.0 = Release|Any CPU
		{56017EAD-93DB-4982-B3A9-214CB8B92C02}.Debug|Any CPU.ActiveCfg = Debug|Any CPU
		{56017EAD-93DB-4982-B3A9-214CB8B92C02}.Debug|Any CPU.Build.0 = Debug|Any CPU
		{56017EAD-93DB-4982-B3A9-214CB8B92C02}.Release|Any CPU.ActiveCfg = Release|Any CPU
		{56017EAD-93DB-4982-B3A9-214CB8B92C02}.Release|Any CPU.Build.0 = Release|Any CPU
		{CA909F1B-0DB8-48CC-97B7-E3AC0DBBD141}.Debug|Any CPU.ActiveCfg = Debug|Any CPU
		{CA909F1B-0DB8-48CC-97B7-E3AC0DBBD141}.Debug|Any CPU.Build.0 = Debug|Any CPU
		{CA909F1B-0DB8-48CC-97B7-E3AC0DBBD141}.Release|Any CPU.ActiveCfg = Release|Any CPU
		{CA909F1B-0DB8-48CC-97B7-E3AC0DBBD141}.Release|Any CPU.Build.0 = Release|Any CPU
		{650D3BEC-29AE-4C7D-B710-3D9BA5FE9CB8}.Debug|Any CPU.ActiveCfg = Debug|Any CPU
		{650D3BEC-29AE-4C7D-B710-3D9BA5FE9CB8}.Debug|Any CPU.Build.0 = Debug|Any CPU
		{650D3BEC-29AE-4C7D-B710-3D9BA5FE9CB8}.Release|Any CPU.ActiveCfg = Release|Any CPU
		{650D3BEC-29AE-4C7D-B710-3D9BA5FE9CB8}.Release|Any CPU.Build.0 = Release|Any CPU
		{08F9DF67-09C9-4317-83A6-F4EB5017314D}.Debug|Any CPU.ActiveCfg = Debug|Any CPU
		{08F9DF67-09C9-4317-83A6-F4EB5017314D}.Debug|Any CPU.Build.0 = Debug|Any CPU
		{08F9DF67-09C9-4317-83A6-F4EB5017314D}.Release|Any CPU.ActiveCfg = Release|Any CPU
		{08F9DF67-09C9-4317-83A6-F4EB5017314D}.Release|Any CPU.Build.0 = Release|Any CPU
		{7EE6EF12-659E-44F4-8016-0163C5DD9397}.Debug|Any CPU.ActiveCfg = Debug|Any CPU
		{7EE6EF12-659E-44F4-8016-0163C5DD9397}.Debug|Any CPU.Build.0 = Debug|Any CPU
		{7EE6EF12-659E-44F4-8016-0163C5DD9397}.Release|Any CPU.ActiveCfg = Release|Any CPU
		{7EE6EF12-659E-44F4-8016-0163C5DD9397}.Release|Any CPU.Build.0 = Release|Any CPU
	EndGlobalSection
	GlobalSection(SolutionProperties) = preSolution
		HideSolutionNode = FALSE
	EndGlobalSection
	GlobalSection(NestedProjects) = preSolution
		{689222DC-69F9-47F1-9228-DB7A5EC19B0E} = {8FE1DF2F-5D85-4BB4-B39E-021EC4F92D7E}
		{A1BD0FD6-101C-4655-8306-9986CF21F7C5} = {689222DC-69F9-47F1-9228-DB7A5EC19B0E}
		{F9249A90-BA03-41AB-9B9B-000FF00888CF} = {91D20682-DAE0-4FEA-8F2C-404823D85D7A}
		{7E05FCE4-BD88-458F-9AFB-C1C43AC5D81C} = {8FE1DF2F-5D85-4BB4-B39E-021EC4F92D7E}
		{A5EEA868-5A8D-43B0-B605-D14826F02EA2} = {7E05FCE4-BD88-458F-9AFB-C1C43AC5D81C}
		{EFE64FBF-C0F0-4A0C-AC48-79AB194599F1} = {8FE1DF2F-5D85-4BB4-B39E-021EC4F92D7E}
		{C7101C6C-3902-4BE2-889D-2B79EA2756AC} = {EFE64FBF-C0F0-4A0C-AC48-79AB194599F1}
		{3F23967B-6027-47B7-88E7-F503485FD1EB} = {8FE1DF2F-5D85-4BB4-B39E-021EC4F92D7E}
		{44519C3F-26FF-4F6C-8809-E46EE30C1D2B} = {3F23967B-6027-47B7-88E7-F503485FD1EB}
		{56017EAD-93DB-4982-B3A9-214CB8B92C02} = {3F23967B-6027-47B7-88E7-F503485FD1EB}
		{CA909F1B-0DB8-48CC-97B7-E3AC0DBBD141} = {3F23967B-6027-47B7-88E7-F503485FD1EB}
		{650D3BEC-29AE-4C7D-B710-3D9BA5FE9CB8} = {3F23967B-6027-47B7-88E7-F503485FD1EB}
		{08F9DF67-09C9-4317-83A6-F4EB5017314D} = {91D20682-DAE0-4FEA-8F2C-404823D85D7A}
	EndGlobalSection
	GlobalSection(ExtensibilityGlobals) = postSolution
		SolutionGuid = {5B85DC0D-7A25-4E06-9492-5D949FF30D2F}
	EndGlobalSection
EndGlobal
